
Microsoft Visual Studio Solution File, Format Version 12.00
# Visual Studio Version 16
VisualStudioVersion = 16.0.31129.286
MinimumVisualStudioVersion = 10.0.40219.1
Project("{FAE04EC0-301F-11D3-BF4B-00C04F79EFBC}") = "LidlStore.API", "LidlStore.API\LidlStore.API.csproj", "{8B797D5B-785E-4A1F-ACB3-34D2AE251EE9}"
EndProject
Project("{FAE04EC0-301F-11D3-BF4B-00C04F79EFBC}") = "LidlStore.BL", "LidlStore.BL\LidlStore.BL.csproj", "{8092BA66-FBE4-4A79-8D23-7985A2A9A6F8}"
EndProject
Project("{FAE04EC0-301F-11D3-BF4B-00C04F79EFBC}") = "LidlStore.Data", "LidlStore.Data\LidlStore.Data.csproj", "{0DA2482A-DCF5-48EE-B280-7CBBCD7F2C47}"
EndProject
Project("{FAE04EC0-301F-11D3-BF4B-00C04F79EFBC}") = "LidlStore.Models", "LidlStore.Models\LidlStore.Models.csproj", "{981B57BA-1F85-44C0-9E83-668652F48A12}"
EndProject
Global
	GlobalSection(SolutionConfigurationPlatforms) = preSolution
		Debug|Any CPU = Debug|Any CPU
		Release|Any CPU = Release|Any CPU
	EndGlobalSection
	GlobalSection(ProjectConfigurationPlatforms) = postSolution
		{8B797D5B-785E-4A1F-ACB3-34D2AE251EE9}.Debug|Any CPU.ActiveCfg = Debug|Any CPU
		{8B797D5B-785E-4A1F-ACB3-34D2AE251EE9}.Debug|Any CPU.Build.0 = Debug|Any CPU
		{8B797D5B-785E-4A1F-ACB3-34D2AE251EE9}.Release|Any CPU.ActiveCfg = Release|Any CPU
		{8B797D5B-785E-4A1F-ACB3-34D2AE251EE9}.Release|Any CPU.Build.0 = Release|Any CPU
		{8092BA66-FBE4-4A79-8D23-7985A2A9A6F8}.Debug|Any CPU.ActiveCfg = Debug|Any CPU
		{8092BA66-FBE4-4A79-8D23-7985A2A9A6F8}.Debug|Any CPU.Build.0 = Debug|Any CPU
		{8092BA66-FBE4-4A79-8D23-7985A2A9A6F8}.Release|Any CPU.ActiveCfg = Release|Any CPU
		{8092BA66-FBE4-4A79-8D23-7985A2A9A6F8}.Release|Any CPU.Build.0 = Release|Any CPU
		{0DA2482A-DCF5-48EE-B280-7CBBCD7F2C47}.Debug|Any CPU.ActiveCfg = Debug|Any CPU
		{0DA2482A-DCF5-48EE-B280-7CBBCD7F2C47}.Debug|Any CPU.Build.0 = Debug|Any CPU
		{0DA2482A-DCF5-48EE-B280-7CBBCD7F2C47}.Release|Any CPU.ActiveCfg = Release|Any CPU
		{0DA2482A-DCF5-48EE-B280-7CBBCD7F2C47}.Release|Any CPU.Build.0 = Release|Any CPU
		{981B57BA-1F85-44C0-9E83-668652F48A12}.Debug|Any CPU.ActiveCfg = Debug|Any CPU
		{981B57BA-1F85-44C0-9E83-668652F48A12}.Debug|Any CPU.Build.0 = Debug|Any CPU
		{981B57BA-1F85-44C0-9E83-668652F48A12}.Release|Any CPU.ActiveCfg = Release|Any CPU
		{981B57BA-1F85-44C0-9E83-668652F48A12}.Release|Any CPU.Build.0 = Release|Any CPU
	EndGlobalSection
	GlobalSection(SolutionProperties) = preSolution
		HideSolutionNode = FALSE
	EndGlobalSection
	GlobalSection(ExtensibilityGlobals) = postSolution
		SolutionGuid = {9D32F368-7A92-47D2-A012-F5DB36459A45}
	EndGlobalSection
EndGlobal
